Microsoft Visual Studio Solution File, Format Version 12.00
# Visual Studio Version 16
VisualStudioVersion = 16.0.28917.181
MinimumVisualStudioVersion = 10.0.40219.1
Project("{FAE04EC0-301F-11D3-BF4B-00C04F79EFBC}") = "XamlWorkshop", "XamlWorkshop\XamlWorkshop.csproj", "{5CB3A852-F706-4C9F-967B-F3C0770F32B2}"
EndProject
Project("{FAE04EC0-301F-11D3-BF4B-00C04F79EFBC}") = "XamlWorkshopTests", "XamlWorkshopTests\XamlWorkshopTests.csproj", "{73B14198-0574-40A1-BE37-FB9575C7F552}"
EndProject
Project("{FAE04EC0-301F-11D3-BF4B-00C04F79EFBC}") = "XamlWorkshopCustomControls", "XamlWorkshopCustomControls\XamlWorkshopCustomControls.csproj", "{8A1689E5-3958-403F-8E80-5805C0DACD60}"
EndProject
Global
	GlobalSection(SolutionConfigurationPlatforms) = preSolution
		Debug|Any CPU = Debug|Any CPU
		Release|Any CPU = Release|Any CPU
	EndGlobalSection
	GlobalSection(ProjectConfigurationPlatforms) = postSolution
		{5CB3A852-F706-4C9F-967B-F3C0770F32B2}.Debug|Any CPU.ActiveCfg = Debug|Any CPU
		{5CB3A852-F706-4C9F-967B-F3C0770F32B2}.Debug|Any CPU.Build.0 = Debug|Any CPU
		{5CB3A852-F706-4C9F-967B-F3C0770F32B2}.Release|Any CPU.ActiveCfg = Release|Any CPU
		{5CB3A852-F706-4C9F-967B-F3C0770F32B2}.Release|Any CPU.Build.0 = Release|Any CPU
		{73B14198-0574-40A1-BE37-FB9575C7F552}.Debug|Any CPU.ActiveCfg = Debug|Any CPU
		{73B14198-0574-40A1-BE37-FB9575C7F552}.Debug|Any CPU.Build.0 = Debug|Any CPU
		{73B14198-0574-40A1-BE37-FB9575C7F552}.Release|Any CPU.ActiveCfg = Release|Any CPU
		{73B14198-0574-40A1-BE37-FB9575C7F552}.Release|Any CPU.Build.0 = Release|Any CPU
		{8A1689E5-3958-403F-8E80-5805C0DACD60}.Debug|Any CPU.ActiveCfg = Debug|Any CPU
		{8A1689E5-3958-403F-8E80-5805C0DACD60}.Debug|Any CPU.Build.0 = Debug|Any CPU
		{8A1689E5-3958-403F-8E80-5805C0DACD60}.Release|Any CPU.ActiveCfg = Release|Any CPU
		{8A1689E5-3958-403F-8E80-5805C0DACD60}.Release|Any CPU.Build.0 = Release|Any CPU
	EndGlobalSection
	GlobalSection(SolutionProperties) = preSolution
		HideSolutionNode = FALSE
	EndGlobalSection
	GlobalSection(ExtensibilityGlobals) = postSolution
		SolutionGuid = {2EED418A-B29C-4934-AFAB-D84A791A4E3B}
	EndGlobalSection
EndGlobal
